
Microsoft Visual Studio Solution File, Format Version 12.00
# Visual Studio Version 16
VisualStudioVersion = 16.0.33027.164
MinimumVisualStudioVersion = 10.0.40219.1
Project("{FAE04EC0-301F-11D3-BF4B-00C04F79EFBC}") = "DataBindingTask1", "DataBindingTask1\DataBindingTask1.csproj", "{34DBEB62-3AC5-4B6D-B846-0AE309C01BA0}"
EndProject
Project("{FAE04EC0-301F-11D3-BF4B-00C04F79EFBC}") = "ColorBindingSample", "ColorBindingSample\ColorBindingSample.csproj", "{003243EE-A36D-44AC-9DC6-930DA8F29F63}"
EndProject
Project("{FAE04EC0-301F-11D3-BF4B-00C04F79EFBC}") = "TextBindingSample", "TextBindingSample\TextBindingSample.csproj", "{6E8DB99F-C83B-4BD0-8CB3-1BEC5DB42F98}"
EndProject
Project("{FAE04EC0-301F-11D3-BF4B-00C04F79EFBC}") = "ClrBindingSample", "ClrBindingSample\ClrBindingSample.csproj", "{741CBD1E-F00D-4DB9-AAE7-452741067CD9}"
EndProject
Project("{FAE04EC0-301F-11D3-BF4B-00C04F79EFBC}") = "RelativeSourceWindowSample", "RelativeSourceWindowSample\RelativeSourceWindowSample.csproj", "{3B6AA88D-E308-4F64-97D5-ED609D566BF8}"
EndProject
Project("{FAE04EC0-301F-11D3-BF4B-00C04F79EFBC}") = "DataBindingTask2", "DataBingTask2\DataBindingTask2.csproj", "{F9C3FA1C-2D20-4E92-92CE-1B560FA6FA87}"
EndProject
Project("{FAE04EC0-301F-11D3-BF4B-00C04F79EFBC}") = "DataContextBindingStaticSample", "DataContextBindingSample\DataContextBindingStaticSample.csproj", "{9430D7BD-D2D1-4DDA-B112-9527801EFFBB}"
EndProject
Project("{FAE04EC0-301F-11D3-BF4B-00C04F79EFBC}") = "DataContextBindingClrSample", "DataContextBindingClrSample\DataContextBindingClrSample.csproj", "{921FC9BC-ED46-45C8-BBC0-E94E0E075F42}"
EndProject
Global
	GlobalSection(SolutionConfigurationPlatforms) = preSolution
		Debug|Any CPU = Debug|Any CPU
		Release|Any CPU = Release|Any CPU
	EndGlobalSection
	GlobalSection(ProjectConfigurationPlatforms) = postSolution
		{34DBEB62-3AC5-4B6D-B846-0AE309C01BA0}.Debug|Any CPU.ActiveCfg = Debug|Any CPU
		{34DBEB62-3AC5-4B6D-B846-0AE309C01BA0}.Debug|Any CPU.Build.0 = Debug|Any CPU
		{34DBEB62-3AC5-4B6D-B846-0AE309C01BA0}.Release|Any CPU.ActiveCfg = Release|Any CPU
		{34DBEB62-3AC5-4B6D-B846-0AE309C01BA0}.Release|Any CPU.Build.0 = Release|Any CPU
		{003243EE-A36D-44AC-9DC6-930DA8F29F63}.Debug|Any CPU.ActiveCfg = Debug|Any CPU
		{003243EE-A36D-44AC-9DC6-930DA8F29F63}.Debug|Any CPU.Build.0 = Debug|Any CPU
		{003243EE-A36D-44AC-9DC6-930DA8F29F63}.Release|Any CPU.ActiveCfg = Release|Any CPU
		{003243EE-A36D-44AC-9DC6-930DA8F29F63}.Release|Any CPU.Build.0 = Release|Any CPU
		{6E8DB99F-C83B-4BD0-8CB3-1BEC5DB42F98}.Debug|Any CPU.ActiveCfg = Debug|Any CPU
		{6E8DB99F-C83B-4BD0-8CB3-1BEC5DB42F98}.Debug|Any CPU.Build.0 = Debug|Any CPU
		{6E8DB99F-C83B-4BD0-8CB3-1BEC5DB42F98}.Release|Any CPU.ActiveCfg = Release|Any CPU
		{6E8DB99F-C83B-4BD0-8CB3-1BEC5DB42F98}.Release|Any CPU.Build.0 = Release|Any CPU
		{741CBD1E-F00D-4DB9-AAE7-452741067CD9}.Debug|Any CPU.ActiveCfg = Debug|Any CPU
		{741CBD1E-F00D-4DB9-AAE7-452741067CD9}.Debug|Any CPU.Build.0 = Debug|Any CPU
		{741CBD1E-F00D-4DB9-AAE7-452741067CD9}.Release|Any CPU.ActiveCfg = Release|Any CPU
		{741CBD1E-F00D-4DB9-AAE7-452741067CD9}.Release|Any CPU.Build.0 = Release|Any CPU
		{3B6AA88D-E308-4F64-97D5-ED609D566BF8}.Debug|Any CPU.ActiveCfg = Debug|Any CPU
		{3B6AA88D-E308-4F64-97D5-ED609D566BF8}.Debug|Any CPU.Build.0 = Debug|Any CPU
		{3B6AA88D-E308-4F64-97D5-ED609D566BF8}.Release|Any CPU.ActiveCfg = Release|Any CPU
		{3B6AA88D-E308-4F64-97D5-ED609D566BF8}.Release|Any CPU.Build.0 = Release|Any CPU
		{F9C3FA1C-2D20-4E92-92CE-1B560FA6FA87}.Debug|Any CPU.ActiveCfg = Debug|Any CPU
		{F9C3FA1C-2D20-4E92-92CE-1B560FA6FA87}.Debug|Any CPU.Build.0 = Debug|Any CPU
		{F9C3FA1C-2D20-4E92-92CE-1B560FA6FA87}.Release|Any CPU.ActiveCfg = Release|Any CPU
		{F9C3FA1C-2D20-4E92-92CE-1B560FA6FA87}.Release|Any CPU.Build.0 = Release|Any CPU
		{9430D7BD-D2D1-4DDA-B112-9527801EFFBB}.Debug|Any CPU.ActiveCfg = Debug|Any CPU
		{9430D7BD-D2D1-4DDA-B112-9527801EFFBB}.Debug|Any CPU.Build.0 = Debug|Any CPU
		{9430D7BD-D2D1-4DDA-B112-9527801EFFBB}.Release|Any CPU.ActiveCfg = Release|Any CPU
		{9430D7BD-D2D1-4DDA-B112-9527801EFFBB}.Release|Any CPU.Build.0 = Release|Any CPU
		{921FC9BC-ED46-45C8-BBC0-E94E0E075F42}.Debug|Any CPU.ActiveCfg = Debug|Any CPU
		{921FC9BC-ED46-45C8-BBC0-E94E0E075F42}.Debug|Any CPU.Build.0 = Debug|Any CPU
		{921FC9BC-ED46-45C8-BBC0-E94E0E075F42}.Release|Any CPU.ActiveCfg = Release|Any CPU
		{921FC9BC-ED46-45C8-BBC0-E94E0E075F42}.Release|Any CPU.Build.0 = Release|Any CPU
	EndGlobalSection
	GlobalSection(SolutionProperties) = preSolution
		HideSolutionNode = FALSE
	EndGlobalSection
	GlobalSection(ExtensibilityGlobals) = postSolution
		SolutionGuid = {F82A8E1D-BE5C-4EC9-971B-7C7ADBD70A59}
	EndGlobalSection
EndGlobal
